{
  "projects": [
    {
      "projectId": "caTPwKxj5ZrD9LQ7DMdK4Z",
      "version": "3.34.0",
      "dependencies": {},
      "lang": "js",
      "fileLocks": [
        {
          "assetId": "caTPwKxj5ZrD9LQ7DMdK4Z",
          "type": "projectCss",
          "checksum": "e1ec850476829c38b0f9b6d4f7ac446a"
        }
      ],
      "codegenVersion": "0.0.1"
    },
    {
      "projectId": "28Ba3BDvRe7EiWdfFNnLB6",
      "version": "2.33.0",
      "dependencies": {},
      "lang": "js",
      "fileLocks": [
        {
          "assetId": "28Ba3BDvRe7EiWdfFNnLB6",
          "type": "projectCss",
          "checksum": "e1ec850476829c38b0f9b6d4f7ac446a"
        }
      ],
      "codegenVersion": "0.0.1"
    },
    {
      "projectId": "r3ASNrnyvLLLAtDvzUioQ",
      "version": "4.3.0",
      "dependencies": {},
      "lang": "js",
      "fileLocks": [
        {
          "assetId": "r3ASNrnyvLLLAtDvzUioQ",
          "type": "projectCss",
          "checksum": "e1ec850476829c38b0f9b6d4f7ac446a"
        }
      ],
      "codegenVersion": "0.0.1"
    },
    {
      "projectId": "cqk25K8CLoCEb3zRi62xhx",
      "version": "latest",
      "dependencies": {
        "r3ASNrnyvLLLAtDvzUioQ": "4.3.0",
        "28Ba3BDvRe7EiWdfFNnLB6": "2.33.0",
        "caTPwKxj5ZrD9LQ7DMdK4Z": "3.34.0"
      },
      "lang": "js",
      "fileLocks": [
        {
          "type": "globalVariant",
          "assetId": "irgN65kfHbzG",
          "checksum": "e7f300a702dd0b50dfe9c2475d6681b5"
        },
        {
          "assetId": "cqk25K8CLoCEb3zRi62xhx",
          "type": "projectCss",
          "checksum": "d32a85c8652c79c637b2cd797094aacb"
        },
        {
          "type": "renderModule",
          "assetId": "YZ6d24xk9Ehw",
          "checksum": "c4b175c4be11cafa913be83d5301bdee"
        },
        {
          "type": "cssRules",
          "assetId": "YZ6d24xk9Ehw",
          "checksum": "c4b175c4be11cafa913be83d5301bdee"
        },
        {
          "type": "renderModule",
          "assetId": "9ishsuNJ_m8j",
          "checksum": "38ffe61584681f8f7f6fbe83af351cdf"
        },
        {
          "type": "cssRules",
          "assetId": "9ishsuNJ_m8j",
          "checksum": "38ffe61584681f8f7f6fbe83af351cdf"
        },
        {
          "type": "renderModule",
          "assetId": "WXD7ODgB7HmJ",
          "checksum": "b9b57247d587952f10c7f8dde2fca40f"
        },
        {
          "type": "cssRules",
          "assetId": "WXD7ODgB7HmJ",
          "checksum": "b9b57247d587952f10c7f8dde2fca40f"
        },
        {
          "type": "renderModule",
          "assetId": "aANL8FUm5Gu7",
          "checksum": "13ce02699d35671d251c37acb2173e45"
        },
        {
          "type": "cssRules",
          "assetId": "aANL8FUm5Gu7",
          "checksum": "13ce02699d35671d251c37acb2173e45"
        },
        {
          "type": "renderModule",
          "assetId": "DoZzMN57XJOO",
          "checksum": "acf8d2fd231760917e51483103ffad69"
        },
        {
          "type": "cssRules",
          "assetId": "DoZzMN57XJOO",
          "checksum": "acf8d2fd231760917e51483103ffad69"
        },
        {
          "type": "renderModule",
          "assetId": "qpmi57wsmC5j",
          "checksum": "f47ed60bc5a190287db59299c3b3fcad"
        },
        {
          "type": "cssRules",
          "assetId": "qpmi57wsmC5j",
          "checksum": "f47ed60bc5a190287db59299c3b3fcad"
        },
        {
          "type": "renderModule",
          "assetId": "71q-FmEDiu-m",
          "checksum": "f59960c7ed9b7846f2989fdd9b2de6a8"
        },
        {
          "type": "cssRules",
          "assetId": "71q-FmEDiu-m",
          "checksum": "f59960c7ed9b7846f2989fdd9b2de6a8"
        },
        {
          "type": "renderModule",
          "assetId": "hcK8YrW1YE5l",
          "checksum": "263aece8a8f5d75468568087d87abc36"
        },
        {
          "type": "cssRules",
          "assetId": "hcK8YrW1YE5l",
          "checksum": "263aece8a8f5d75468568087d87abc36"
        },
        {
          "type": "renderModule",
          "assetId": "qymFIo8cfY4M",
          "checksum": "68308da7a990ad970df7e0b503dec939"
        },
        {
          "type": "cssRules",
          "assetId": "qymFIo8cfY4M",
          "checksum": "68308da7a990ad970df7e0b503dec939"
        },
        {
          "type": "icon",
          "assetId": "GvR_m76KYdCJ",
          "checksum": "1f55dd8969e74bebe906c07c464a8995"
        },
        {
          "type": "icon",
          "assetId": "EfgAiJwKIYqj",
          "checksum": "d2b755f39993115b7cf47a4b5826b43c"
        },
        {
          "type": "icon",
          "assetId": "SQqlqlFAdxvf",
          "checksum": "d6e7b3962c05d768e34cd477da1ca065"
        },
        {
          "type": "icon",
          "assetId": "Xxr44szRwFAm",
          "checksum": "ae11e3b15f342aff00f8b7ff686b5ff7"
        },
        {
          "type": "icon",
          "assetId": "poQU_NgBmRJ8",
          "checksum": "96c90bc5477f2b0205bb55232255e88d"
        },
        {
          "type": "icon",
          "assetId": "B1Ud0FW2YZXK",
          "checksum": "5fe41968f36e0716bce9c6473af6888e"
        },
        {
          "type": "icon",
          "assetId": "YBAm9F_DuZLz",
          "checksum": "7130f583ec4a0d11ee045e4515dbcc8e"
        },
        {
          "type": "icon",
          "assetId": "L8awm4zQldl3",
          "checksum": "cd3f4aa4349619bb6479956e3f9d12b9"
        },
        {
          "type": "icon",
          "assetId": "vUEqujdevrQW",
          "checksum": "11b3e18ad5a482103b26fc6ad6090ed1"
        },
        {
          "type": "icon",
          "assetId": "ILKk6KPFb1sy",
          "checksum": "70ded0f5582830a08bd2b0b6dc4b23c4"
        },
        {
          "type": "icon",
          "assetId": "-A6eT55LtL6T",
          "checksum": "d4125e04695d68667969133aecf51418"
        },
        {
          "type": "icon",
          "assetId": "xp2DxXUu0tz6",
          "checksum": "42fd11af384d6adf251f69e63f6c5368"
        },
        {
          "type": "icon",
          "assetId": "7Cgb7QZmd5IS",
          "checksum": "d8633001a16da377798f41ec127f24e0"
        },
        {
          "type": "icon",
          "assetId": "Fv6hxF8tgtwB",
          "checksum": "901045f14eeefd2bf18b6f3c683b7ebf"
        },
        {
          "type": "icon",
          "assetId": "XqnN_E010kh-",
          "checksum": "48c1007fd96ceee5d19efb59cbd3d31a"
        },
        {
          "type": "image",
          "assetId": "1VLuBXRZ7VOs",
          "checksum": "fc5698fce0155929c7ed5a93da8ce8f5"
        },
        {
          "type": "image",
          "assetId": "vw7f4wyl_NgP",
          "checksum": "85cab5b440bee6750ed10b91c09c94e9"
        },
        {
          "type": "image",
          "assetId": "8ZKu1HYHmQZo",
          "checksum": "89aa62502cab59773c449ff1cffb5d97"
        },
        {
          "type": "image",
          "assetId": "qy9zh9UT4yJi",
          "checksum": "6b0d1fa2cab6d8487a067d0811df2c3a"
        },
        {
          "type": "image",
          "assetId": "g_R_NdPxQtiW",
          "checksum": "0aa20c9ad33b0ea87fc3ee47589a9f85"
        },
        {
          "type": "image",
          "assetId": "VBNfQZwMWsy4",
          "checksum": "f0df8d57f56215ec98cb35034c5c59ee"
        },
        {
          "type": "image",
          "assetId": "dz3av8foccF5",
          "checksum": "e1880145217b7a1d7f331ef23ead7b46"
        },
        {
          "type": "image",
          "assetId": "rhNj8g3AQUr4",
          "checksum": "ff9e43778d5bebf66b3f192dcd80870c"
        },
        {
          "type": "image",
          "assetId": "GR3icW_PPXGf",
          "checksum": "e807aa12e06813505938e15ab8f7b327"
        },
        {
          "type": "image",
          "assetId": "kJA1d-sqDgQC",
          "checksum": "fcb878dcb7a9a8937535e2e5fce7af3b"
        },
        {
          "type": "image",
          "assetId": "EDZPjrHuuvqs",
          "checksum": "6e08b7d65d6690de1fbc5133bb6bb42f"
        },
        {
          "type": "image",
          "assetId": "3iAugzJJereV",
          "checksum": "23995586f319875a674c19499c8a739d"
        },
        {
          "type": "image",
          "assetId": "cx3lZ5Eocnkv",
          "checksum": "b16f3bc740ed251297d5c1a1420c9e2f"
        },
        {
          "type": "image",
          "assetId": "qJ-jTLdGmiY3",
          "checksum": "520f4119bd91e476a1e39366431e0e2a"
        },
        {
          "type": "image",
          "assetId": "_xdiQsenZoHX",
          "checksum": "f618fd11506d856d7489936bd80028bf"
        },
        {
          "type": "image",
          "assetId": "tW25NRm4x8PQ",
          "checksum": "ce7b138d4135a3a53888d9bd8959067d"
        },
        {
          "type": "image",
          "assetId": "kYoduLBP8zfh",
          "checksum": "4164d4ded5df8c65084a55a711294700"
        },
        {
          "type": "image",
          "assetId": "eK7xuTL1Mtgv",
          "checksum": "b9cc85c7aad6e7a8b306cfe25febe2f0"
        },
        {
          "type": "image",
          "assetId": "ngoSRRey6pfT",
          "checksum": "ca306f16bede50eeebcb477fac512d3f"
        },
        {
          "type": "image",
          "assetId": "HnOII2j2nFtB",
          "checksum": "66ebf16ff91d24f337b7c50092ff44c1"
        },
        {
          "type": "image",
          "assetId": "F6JqeWdiCPj7",
          "checksum": "b2392a8fd74247449183a97d76cc21b9"
        },
        {
          "type": "image",
          "assetId": "CNrf9J2FQacz",
          "checksum": "7063615a49b36fb7e039c76867228f60"
        },
        {
          "type": "image",
          "assetId": "1eDuld8pYSF7",
          "checksum": "f32e44cc7d04079df055ca85a3ac5378"
        },
        {
          "type": "image",
          "assetId": "2H9cPSv8zm51",
          "checksum": "9e63259cf830c43ebb42ce55037a517e"
        }
      ],
      "codegenVersion": "0.0.1"
    }
  ],
  "cliVersion": "0.1.329"
}
